
Microsoft Visual Studio Solution File, Format Version 12.00
# Visual Studio 15
VisualStudioVersion = 15.0.27703.2042
MinimumVisualStudioVersion = 10.0.40219.1
Project("{FAE04EC0-301F-11D3-BF4B-00C04F79EFBC}") = "BottomNavigationForms.Android", "BottomNavigationForms\BottomNavigationForms.Android\BottomNavigationForms.Android.csproj", "{54B60096-7A60-4342-9140-F1095DA82855}"
EndProject
Project("{FAE04EC0-301F-11D3-BF4B-00C04F79EFBC}") = "BottomNavigationForms.iOS", "BottomNavigationForms\BottomNavigationForms.iOS\BottomNavigationForms.iOS.csproj", "{40D2E5F1-310E-484E-B1B9-7C3A9D522F6F}"
EndProject
Project("{9A19103F-16F7-4668-BE54-9A1E7A4F7556}") = "BottomNavigationForms", "BottomNavigationForms\BottomNavigationForms\BottomNavigationForms.csproj", "{545BA42A-C372-4116-B965-F4BDCFFDBB18}"
EndProject
Global
	GlobalSection(SolutionConfigurationPlatforms) = preSolution
		Ad-Hoc|Any CPU = Ad-Hoc|Any CPU
		Ad-Hoc|iPhone = Ad-Hoc|iPhone
		Ad-Hoc|iPhoneSimulator = Ad-Hoc|iPhoneSimulator
		AppStore|Any CPU = AppStore|Any CPU
		AppStore|iPhone = AppStore|iPhone
		AppStore|iPhoneSimulator = AppStore|iPhoneSimulator
		Debug|Any CPU = Debug|Any CPU
		Debug|iPhone = Debug|iPhone
		Debug|iPhoneSimulator = Debug|iPhoneSimulator
		Release|Any CPU = Release|Any CPU
		Release|iPhone = Release|iPhone
		Release|iPhoneSimulator = Release|iPhoneSimulator
	EndGlobalSection
	GlobalSection(ProjectConfigurationPlatforms) = postSolution
		{54B60096-7A60-4342-9140-F1095DA82855}.Ad-Hoc|Any CPU.ActiveCfg = Release|Any CPU
		{54B60096-7A60-4342-9140-F1095DA82855}.Ad-Hoc|Any CPU.Build.0 = Release|Any CPU
		{54B60096-7A60-4342-9140-F1095DA82855}.Ad-Hoc|Any CPU.Deploy.0 = Release|Any CPU
		{54B60096-7A60-4342-9140-F1095DA82855}.Ad-Hoc|iPhone.ActiveCfg = Release|Any CPU
		{54B60096-7A60-4342-9140-F1095DA82855}.Ad-Hoc|iPhone.Build.0 = Release|Any CPU
		{54B60096-7A60-4342-9140-F1095DA82855}.Ad-Hoc|iPhone.Deploy.0 = Release|Any CPU
		{54B60096-7A60-4342-9140-F1095DA82855}.Ad-Hoc|iPhoneSimulator.ActiveCfg = Release|Any CPU
		{54B60096-7A60-4342-9140-F1095DA82855}.Ad-Hoc|iPhoneSimulator.Build.0 = Release|Any CPU
		{54B60096-7A60-4342-9140-F1095DA82855}.Ad-Hoc|iPhoneSimulator.Deploy.0 = Release|Any CPU
		{54B60096-7A60-4342-9140-F1095DA82855}.AppStore|Any CPU.ActiveCfg = Release|Any CPU
		{54B60096-7A60-4342-9140-F1095DA82855}.AppStore|Any CPU.Build.0 = Release|Any CPU
		{54B60096-7A60-4342-9140-F1095DA82855}.AppStore|Any CPU.Deploy.0 = Release|Any CPU
		{54B60096-7A60-4342-9140-F1095DA82855}.AppStore|iPhone.ActiveCfg = Release|Any CPU
		{54B60096-7A60-4342-9140-F1095DA82855}.AppStore|iPhone.Build.0 = Release|Any CPU
		{54B60096-7A60-4342-9140-F1095DA82855}.AppStore|iPhone.Deploy.0 = Release|Any CPU
		{54B60096-7A60-4342-9140-F1095DA82855}.AppStore|iPhoneSimulator.ActiveCfg = Release|Any CPU
		{54B60096-7A60-4342-9140-F1095DA82855}.AppStore|iPhoneSimulator.Build.0 = Release|Any CPU
		{54B60096-7A60-4342-9140-F1095DA82855}.AppStore|iPhoneSimulator.Deploy.0 = Release|Any CPU
		{54B60096-7A60-4342-9140-F1095DA82855}.Debug|Any CPU.ActiveCfg = Debug|Any CPU
		{54B60096-7A60-4342-9140-F1095DA82855}.Debug|Any CPU.Build.0 = Debug|Any CPU
		{54B60096-7A60-4342-9140-F1095DA82855}.Debug|Any CPU.Deploy.0 = Debug|Any CPU
		{54B60096-7A60-4342-9140-F1095DA82855}.Debug|iPhone.ActiveCfg = Debug|Any CPU
		{54B60096-7A60-4342-9140-F1095DA82855}.Debug|iPhone.Build.0 = Debug|Any CPU
		{54B60096-7A60-4342-9140-F1095DA82855}.Debug|iPhone.Deploy.0 = Debug|Any CPU
		{54B60096-7A60-4342-9140-F1095DA82855}.Debug|iPhoneSimulator.ActiveCfg = Debug|Any CPU
		{54B60096-7A60-4342-9140-F1095DA82855}.Debug|iPhoneSimulator.Build.0 = Debug|Any CPU
		{54B60096-7A60-4342-9140-F1095DA82855}.Debug|iPhoneSimulator.Deploy.0 = Debug|Any CPU
		{54B60096-7A60-4342-9140-F1095DA82855}.Release|Any CPU.ActiveCfg = Release|Any CPU
		{54B60096-7A60-4342-9140-F1095DA82855}.Release|Any CPU.Build.0 = Release|Any CPU
		{54B60096-7A60-4342-9140-F1095DA82855}.Release|Any CPU.Deploy.0 = Release|Any CPU
		{54B60096-7A60-4342-9140-F1095DA82855}.Release|iPhone.ActiveCfg = Release|Any CPU
		{54B60096-7A60-4342-9140-F1095DA82855}.Release|iPhone.Build.0 = Release|Any CPU
		{54B60096-7A60-4342-9140-F1095DA82855}.Release|iPhone.Deploy.0 = Release|Any CPU
		{54B60096-7A60-4342-9140-F1095DA82855}.Release|iPhoneSimulator.ActiveCfg = Release|Any CPU
		{54B60096-7A60-4342-9140-F1095DA82855}.Release|iPhoneSimulator.Build.0 = Release|Any CPU
		{54B60096-7A60-4342-9140-F1095DA82855}.Release|iPhoneSimulator.Deploy.0 = Release|Any CPU
		{40D2E5F1-310E-484E-B1B9-7C3A9D522F6F}.Ad-Hoc|Any CPU.ActiveCfg = Ad-Hoc|iPhone
		{40D2E5F1-310E-484E-B1B9-7C3A9D522F6F}.Ad-Hoc|Any CPU.Build.0 = Ad-Hoc|iPhone
		{40D2E5F1-310E-484E-B1B9-7C3A9D522F6F}.Ad-Hoc|Any CPU.Deploy.0 = Ad-Hoc|iPhone
		{40D2E5F1-310E-484E-B1B9-7C3A9D522F6F}.Ad-Hoc|iPhone.ActiveCfg = Ad-Hoc|iPhone
		{40D2E5F1-310E-484E-B1B9-7C3A9D522F6F}.Ad-Hoc|iPhone.Build.0 = Ad-Hoc|iPhone
		{40D2E5F1-310E-484E-B1B9-7C3A9D522F6F}.Ad-Hoc|iPhone.Deploy.0 = Ad-Hoc|iPhone
		{40D2E5F1-310E-484E-B1B9-7C3A9D522F6F}.Ad-Hoc|iPhoneSimulator.ActiveCfg = Ad-Hoc|iPhoneSimulator
		{40D2E5F1-310E-484E-B1B9-7C3A9D522F6F}.Ad-Hoc|iPhoneSimulator.Build.0 = Ad-Hoc|iPhoneSimulator
		{40D2E5F1-310E-484E-B1B9-7C3A9D522F6F}.Ad-Hoc|iPhoneSimulator.Deploy.0 = Ad-Hoc|iPhoneSimulator
		{40D2E5F1-310E-484E-B1B9-7C3A9D522F6F}.AppStore|Any CPU.ActiveCfg = AppStore|iPhone
		{40D2E5F1-310E-484E-B1B9-7C3A9D522F6F}.AppStore|Any CPU.Build.0 = AppStore|iPhone
		{40D2E5F1-310E-484E-B1B9-7C3A9D522F6F}.AppStore|Any CPU.Deploy.0 = AppStore|iPhone
		{40D2E5F1-310E-484E-B1B9-7C3A9D522F6F}.AppStore|iPhone.ActiveCfg = AppStore|iPhone
		{40D2E5F1-310E-484E-B1B9-7C3A9D522F6F}.AppStore|iPhone.Build.0 = AppStore|iPhone
		{40D2E5F1-310E-484E-B1B9-7C3A9D522F6F}.AppStore|iPhone.Deploy.0 = AppStore|iPhone
		{40D2E5F1-310E-484E-B1B9-7C3A9D522F6F}.AppStore|iPhoneSimulator.ActiveCfg = AppStore|iPhoneSimulator
		{40D2E5F1-310E-484E-B1B9-7C3A9D522F6F}.AppStore|iPhoneSimulator.Build.0 = AppStore|iPhoneSimulator
		{40D2E5F1-310E-484E-B1B9-7C3A9D522F6F}.AppStore|iPhoneSimulator.Deploy.0 = AppStore|iPhoneSimulator
		{40D2E5F1-310E-484E-B1B9-7C3A9D522F6F}.Debug|Any CPU.ActiveCfg = Debug|iPhoneSimulator
		{40D2E5F1-310E-484E-B1B9-7C3A9D522F6F}.Debug|Any CPU.Build.0 = Debug|iPhoneSimulator
		{40D2E5F1-310E-484E-B1B9-7C3A9D522F6F}.Debug|Any CPU.Deploy.0 = Debug|iPhoneSimulator
		{40D2E5F1-310E-484E-B1B9-7C3A9D522F6F}.Debug|iPhone.ActiveCfg = Debug|iPhone
		{40D2E5F1-310E-484E-B1B9-7C3A9D522F6F}.Debug|iPhone.Build.0 = Debug|iPhone
		{40D2E5F1-310E-484E-B1B9-7C3A9D522F6F}.Debug|iPhone.Deploy.0 = Debug|iPhone
		{40D2E5F1-310E-484E-B1B9-7C3A9D522F6F}.Debug|iPhoneSimulator.ActiveCfg = Debug|iPhoneSimulator
		{40D2E5F1-310E-484E-B1B9-7C3A9D522F6F}.Debug|iPhoneSimulator.Build.0 = Debug|iPhoneSimulator
		{40D2E5F1-310E-484E-B1B9-7C3A9D522F6F}.Debug|iPhoneSimulator.Deploy.0 = Debug|iPhoneSimulator
		{40D2E5F1-310E-484E-B1B9-7C3A9D522F6F}.Release|Any CPU.ActiveCfg = Release|iPhone
		{40D2E5F1-310E-484E-B1B9-7C3A9D522F6F}.Release|Any CPU.Build.0 = Release|iPhone
		{40D2E5F1-310E-484E-B1B9-7C3A9D522F6F}.Release|Any CPU.Deploy.0 = Release|iPhone
		{40D2E5F1-310E-484E-B1B9-7C3A9D522F6F}.Release|iPhone.ActiveCfg = Release|iPhone
		{40D2E5F1-310E-484E-B1B9-7C3A9D522F6F}.Release|iPhone.Build.0 = Release|iPhone
		{40D2E5F1-310E-484E-B1B9-7C3A9D522F6F}.Release|iPhone.Deploy.0 = Release|iPhone
		{40D2E5F1-310E-484E-B1B9-7C3A9D522F6F}.Release|iPhoneSimulator.ActiveCfg = Release|iPhoneSimulator
		{40D2E5F1-310E-484E-B1B9-7C3A9D522F6F}.Release|iPhoneSimulator.Build.0 = Release|iPhoneSimulator
		{40D2E5F1-310E-484E-B1B9-7C3A9D522F6F}.Release|iPhoneSimulator.Deploy.0 = Release|iPhoneSimulator
		{545BA42A-C372-4116-B965-F4BDCFFDBB18}.Ad-Hoc|Any CPU.ActiveCfg = Debug|Any CPU
		{545BA42A-C372-4116-B965-F4BDCFFDBB18}.Ad-Hoc|Any CPU.Build.0 = Debug|Any CPU
		{545BA42A-C372-4116-B965-F4BDCFFDBB18}.Ad-Hoc|Any CPU.Deploy.0 = Debug|Any CPU
		{545BA42A-C372-4116-B965-F4BDCFFDBB18}.Ad-Hoc|iPhone.ActiveCfg = Debug|Any CPU
		{545BA42A-C372-4116-B965-F4BDCFFDBB18}.Ad-Hoc|iPhone.Build.0 = Debug|Any CPU
		{545BA42A-C372-4116-B965-F4BDCFFDBB18}.Ad-Hoc|iPhone.Deploy.0 = Debug|Any CPU
		{545BA42A-C372-4116-B965-F4BDCFFDBB18}.Ad-Hoc|iPhoneSimulator.ActiveCfg = Debug|Any CPU
		{545BA42A-C372-4116-B965-F4BDCFFDBB18}.Ad-Hoc|iPhoneSimulator.Build.0 = Debug|Any CPU
		{545BA42A-C372-4116-B965-F4BDCFFDBB18}.Ad-Hoc|iPhoneSimulator.Deploy.0 = Debug|Any CPU
		{545BA42A-C372-4116-B965-F4BDCFFDBB18}.AppStore|Any CPU.ActiveCfg = Debug|Any CPU
		{545BA42A-C372-4116-B965-F4BDCFFDBB18}.AppStore|Any CPU.Build.0 = Debug|Any CPU
		{545BA42A-C372-4116-B965-F4BDCFFDBB18}.AppStore|Any CPU.Deploy.0 = Debug|Any CPU
		{545BA42A-C372-4116-B965-F4BDCFFDBB18}.AppStore|iPhone.ActiveCfg = Debug|Any CPU
		{545BA42A-C372-4116-B965-F4BDCFFDBB18}.AppStore|iPhone.Build.0 = Debug|Any CPU
		{545BA42A-C372-4116-B965-F4BDCFFDBB18}.AppStore|iPhone.Deploy.0 = Debug|Any CPU
		{545BA42A-C372-4116-B965-F4BDCFFDBB18}.AppStore|iPhoneSimulator.ActiveCfg = Debug|Any CPU
		{545BA42A-C372-4116-B965-F4BDCFFDBB18}.AppStore|iPhoneSimulator.Build.0 = Debug|Any CPU
		{545BA42A-C372-4116-B965-F4BDCFFDBB18}.AppStore|iPhoneSimulator.Deploy.0 = Debug|Any CPU
		{545BA42A-C372-4116-B965-F4BDCFFDBB18}.Debug|Any CPU.ActiveCfg = Debug|Any CPU
		{545BA42A-C372-4116-B965-F4BDCFFDBB18}.Debug|Any CPU.Build.0 = Debug|Any CPU
		{545BA42A-C372-4116-B965-F4BDCFFDBB18}.Debug|Any CPU.Deploy.0 = Debug|Any CPU
		{545BA42A-C372-4116-B965-F4BDCFFDBB18}.Debug|iPhone.ActiveCfg = Debug|Any CPU
		{545BA42A-C372-4116-B965-F4BDCFFDBB18}.Debug|iPhone.Build.0 = Debug|Any CPU
		{545BA42A-C372-4116-B965-F4BDCFFDBB18}.Debug|iPhone.Deploy.0 = Debug|Any CPU
		{545BA42A-C372-4116-B965-F4BDCFFDBB18}.Debug|iPhoneSimulator.ActiveCfg = Debug|Any CPU
		{545BA42A-C372-4116-B965-F4BDCFFDBB18}.Debug|iPhoneSimulator.Build.0 = Debug|Any CPU
		{545BA42A-C372-4116-B965-F4BDCFFDBB18}.Debug|iPhoneSimulator.Deploy.0 = Debug|Any CPU
		{545BA42A-C372-4116-B965-F4BDCFFDBB18}.Release|Any CPU.ActiveCfg = Release|Any CPU
		{545BA42A-C372-4116-B965-F4BDCFFDBB18}.Release|Any CPU.Build.0 = Release|Any CPU
		{545BA42A-C372-4116-B965-F4BDCFFDBB18}.Release|Any CPU.Deploy.0 = Release|Any CPU
		{545BA42A-C372-4116-B965-F4BDCFFDBB18}.Release|iPhone.ActiveCfg = Release|Any CPU
		{545BA42A-C372-4116-B965-F4BDCFFDBB18}.Release|iPhone.Build.0 = Release|Any CPU
		{545BA42A-C372-4116-B965-F4BDCFFDBB18}.Release|iPhone.Deploy.0 = Release|Any CPU
		{545BA42A-C372-4116-B965-F4BDCFFDBB18}.Release|iPhoneSimulator.ActiveCfg = Release|Any CPU
		{545BA42A-C372-4116-B965-F4BDCFFDBB18}.Release|iPhoneSimulator.Build.0 = Release|Any CPU
		{545BA42A-C372-4116-B965-F4BDCFFDBB18}.Release|iPhoneSimulator.Deploy.0 = Release|Any CPU
	EndGlobalSection
	GlobalSection(SolutionProperties) = preSolution
		HideSolutionNode = FALSE
	EndGlobalSection
	GlobalSection(ExtensibilityGlobals) = postSolution
		SolutionGuid = {3AA24601-F31A-430A-8D0D-468F4C8A0AE2}
	EndGlobalSection
EndGlobal
